<?xml version="1.0" encoding="utf-8"?>
<Project ToolsVersion="4.0" xmlns="http://schemas.microsoft.com/developer/msbuild/2003">
  <ItemGroup>
    <ClCompile Include="src\main.cpp">
      <Filter>Source</Filter>
    </ClCompile>
    <ClCompile Include="src\RenderingProject.cpp">
      <Filter>Source</Filter>
    </ClCompile>
    <ClCompile Include="include\Mesh.cpp">
      <Filter>Source</Filter>
    </ClCompile>
    <ClCompile Include="src\Material.cpp">
      <Filter>Source</Filter>
    </ClCompile>
    <ClCompile Include="src\Texture.cpp">
      <Filter>Source</Filter>
    </ClCompile>
    <ClCompile Include="src\WorldTransform.cpp">
      <Filter>Source</Filter>
    </ClCompile>
    <ClCompile Include="src\LightingProgram.cpp">
      <Filter>Source\Shader Programs</Filter>
    </ClCompile>
    <ClCompile Include="src\ShaderProgram.cpp">
      <Filter>Source\Shader Programs</Filter>
    </ClCompile>
    <ClCompile Include="src\ShadowFBO.cpp">
      <Filter>Source\Shader Programs</Filter>
    </ClCompile>
    <ClCompile Include="src\WaterProgram.cpp">
      <Filter>Source\Shader Programs</Filter>
    </ClCompile>
    <ClCompile Include="src\DirectionalLight.cpp">
      <Filter>Source\Lighting</Filter>
    </ClCompile>
    <ClCompile Include="scr\LightingManager.cpp">
      <Filter>Source\Lighting</Filter>
    </ClCompile>
    <ClCompile Include="src\PointLight.cpp">
      <Filter>Source\Lighting</Filter>
    </ClCompile>
    <ClCompile Include="src\SpotLight.cpp">
      <Filter>Source\Lighting</Filter>
    </ClCompile>
    <ClCompile Include="src\ShadowProgram.cpp">
      <Filter>Source\Shader Programs</Filter>
    </ClCompile>
  </ItemGroup>
  <ItemGroup>
    <ClInclude Include="include\Macros.h">
      <Filter>Headers</Filter>
    </ClInclude>
    <ClInclude Include="include\Material.h">
      <Filter>Headers</Filter>
    </ClInclude>
    <ClInclude Include="include\Mesh.h">
      <Filter>Headers</Filter>
    </ClInclude>
    <ClInclude Include="include\MeshEntry.h">
      <Filter>Headers</Filter>
    </ClInclude>
    <ClInclude Include="include\RenderingProject.h">
      <Filter>Headers</Filter>
    </ClInclude>
    <ClInclude Include="include\ShadowFBO.h">
      <Filter>Headers</Filter>
    </ClInclude>
    <ClInclude Include="include\Texture.h">
      <Filter>Headers</Filter>
    </ClInclude>
    <ClInclude Include="include\WorldTransform.h">
      <Filter>Headers</Filter>
    </ClInclude>
    <ClInclude Include="include\ShadowProgram.h">
      <Filter>Headers\Shader Programs</Filter>
    </ClInclude>
    <ClInclude Include="include\WaterProgram.h">
      <Filter>Headers\Shader Programs</Filter>
    </ClInclude>
    <ClInclude Include="include\ShaderProgram.h">
      <Filter>Headers\Shader Programs</Filter>
    </ClInclude>
    <ClInclude Include="include\LightingProgram.h">
      <Filter>Headers\Shader Programs</Filter>
    </ClInclude>
    <ClInclude Include="include\DirectionalLight.h">
      <Filter>Headers\Lighting</Filter>
    </ClInclude>
    <ClInclude Include="include\BaseLight.h">
      <Filter>Headers\Lighting</Filter>
    </ClInclude>
    <ClInclude Include="include\LightingManager.h">
      <Filter>Headers\Lighting</Filter>
    </ClInclude>
    <ClInclude Include="include\PointLight.h">
      <Filter>Headers\Lighting</Filter>
    </ClInclude>
    <ClInclude Include="include\SpotLight.h">
      <Filter>Headers\Lighting</Filter>
    </ClInclude>
  </ItemGroup>
  <ItemGroup>
    <None Include="shaders\fragment.glsl">
      <Filter>Shaders</Filter>
    </None>
    <None Include="shaders\vertex.glsl">
      <Filter>Shaders</Filter>
    </None>
    <None Include="shaders\water_geometry.glsl">
      <Filter>Shaders\Water</Filter>
    </None>
    <None Include="shaders\water_fragment.glsl">
      <Filter>Shaders\Water</Filter>
    </None>
    <None Include="shaders\lighting_fragment.glsl">
      <Filter>Shaders\Lighting</Filter>
    </None>
    <None Include="shaders\lighting_tesscontrol.glsl">
      <Filter>Shaders\Lighting</Filter>
    </None>
    <None Include="shaders\lighting_tesseval.glsl">
      <Filter>Shaders\Lighting</Filter>
    </None>
    <None Include="shaders\lighting_vertex.glsl">
      <Filter>Shaders\Lighting</Filter>
    </None>
    <None Include="shaders\shadow_vertex.glsl">
      <Filter>Shaders\Shadow</Filter>
    </None>
    <None Include="shaders\shadow_fragment.glsl">
      <Filter>Shaders\Shadow</Filter>
    </None>
    <None Include="shaders\water_vertex.glsl">
      <Filter>Shaders\Water</Filter>
    </None>
  </ItemGroup>
  <ItemGroup>
    <Filter Include="Headers">
      <UniqueIdentifier>{5e223119-6005-48f4-8f7c-d3846ea72279}</UniqueIdentifier>
    </Filter>
    <Filter Include="Source">
      <UniqueIdentifier>{77919c8f-1651-421a-bc8d-b313c95278d5}</UniqueIdentifier>
    </Filter>
    <Filter Include="Shaders">
      <UniqueIdentifier>{1ba9b869-f6bd-4eef-bd59-9ed293980194}</UniqueIdentifier>
    </Filter>
    <Filter Include="Shaders\Water">
      <UniqueIdentifier>{d155c415-31f6-449c-ba9f-b52777398aba}</UniqueIdentifier>
    </Filter>
    <Filter Include="Shaders\Lighting">
      <UniqueIdentifier>{4956f5cd-2369-446f-b66e-474e44f114a8}</UniqueIdentifier>
    </Filter>
    <Filter Include="Shaders\Shadow">
      <UniqueIdentifier>{b5a49d77-012b-407f-ab63-9658e1903891}</UniqueIdentifier>
    </Filter>
    <Filter Include="Headers\Shader Programs">
      <UniqueIdentifier>{367ac7ec-f1f1-4159-bb1e-1730445874a0}</UniqueIdentifier>
    </Filter>
    <Filter Include="Headers\Lighting">
      <UniqueIdentifier>{06556264-7ee7-47e2-847d-99044e893c6a}</UniqueIdentifier>
    </Filter>
    <Filter Include="Source\Shader Programs">
      <UniqueIdentifier>{9eac84db-2392-4cc7-a12d-b3f4c27df41d}</UniqueIdentifier>
    </Filter>
    <Filter Include="Source\Lighting">
      <UniqueIdentifier>{e137736b-30b2-472c-b38d-1fca6ab611b8}</UniqueIdentifier>
    </Filter>
  </ItemGroup>
</Project>